{
  "nodes": {
    "alejandra": {
      "inputs": {
        "fenix": "fenix",
        "flakeCompat": "flakeCompat",
        "nixpkgs": [
          "nixpkgs"
        ]
      },
      "locked": {
        "lastModified": 1719514321,
        "narHash": "sha256-ys1nJdZ8zB8JlpUbQmnj0hZalg03bEPgQdZN30DhETE=",
        "owner": "kamadorueda",
        "repo": "alejandra",
        "rev": "d7552fef2ccf1bbf0d36b27f6fddb19073f205b7",
        "type": "github"
      },
      "original": {
        "owner": "kamadorueda",
        "repo": "alejandra",
        "type": "github"
      }
    },
    "eleventy": {
      "flake": false,
      "locked": {
        "lastModified": 1726084268,
        "narHash": "sha256-xowvib+Q37PQdeQecQ1pAwHMh0T/Hyuqe3I/xsTC1ZE=",
        "owner": "11ty",
        "repo": "eleventy",
        "rev": "60b9cf72131ea3bcf20e9b09d9fe1932b893416b",
        "type": "github"
      },
      "original": {
        "owner": "11ty",
        "ref": "v3.0.0-alpha.20",
        "repo": "eleventy",
        "type": "github"
      }
    },
    "eleventy-img": {
      "flake": false,
      "locked": {
        "lastModified": 1722527753,
        "narHash": "sha256-YgrEXZ+ntrlzFaAdDVKpC88Xsk8uxZDhFXGL0DQIl/Y=",
        "owner": "11ty",
        "repo": "eleventy-img",
        "rev": "9a422e1c0bba15c5fae14557a9636a16a55c2c4e",
        "type": "github"
      },
      "original": {
        "owner": "11ty",
        "ref": "v5.0.0-beta.10",
        "repo": "eleventy-img",
        "type": "github"
      }
    },
    "eleventy-navigation": {
      "flake": false,
      "locked": {
        "lastModified": 1660924656,
        "narHash": "sha256-mCUSaQ0XpW7oMXXz8GSHTZpV0My07RUOf5AcVOixUus=",
        "owner": "11ty",
        "repo": "eleventy-navigation",
        "rev": "249a4bc94375089f91ac9eeb4c90e274d506a038",
        "type": "github"
      },
      "original": {
        "owner": "11ty",
        "ref": "v0.3.5",
        "repo": "eleventy-navigation",
        "type": "github"
      }
    },
    "eleventy-plugin-rss": {
      "flake": false,
      "locked": {
        "lastModified": 1720816841,
        "narHash": "sha256-YM/WvqH9LqgduNTiQE7ZgJylHNGodALNPdgEckAmr4w=",
        "owner": "11ty",
        "repo": "eleventy-plugin-rss",
        "rev": "76d452a847322d25c525d17dceb83eb07e9b9793",
        "type": "github"
      },
      "original": {
        "owner": "11ty",
        "ref": "v2.0.2",
        "repo": "eleventy-plugin-rss",
        "type": "github"
      }
    },
    "eleventy-plugin-syntaxhighlight": {
      "flake": false,
      "locked": {
        "lastModified": 1681333385,
        "narHash": "sha256-b6dlicm3rt4SV7cVX7e2cOZA2kAmSCSmA2c9y3lmil4=",
        "owner": "11ty",
        "repo": "eleventy-plugin-syntaxhighlight",
        "rev": "75d33c56ff2cdc68b9148e0280726d976661c27a",
        "type": "github"
      },
      "original": {
        "owner": "11ty",
        "ref": "v5.0.0",
        "repo": "eleventy-plugin-syntaxhighlight",
        "type": "github"
      }
    },
    "fenix": {
      "inputs": {
        "nixpkgs": [
          "alejandra",
          "nixpkgs"
        ],
        "rust-analyzer-src": "rust-analyzer-src"
      },
      "locked": {
        "lastModified": 1668234453,
        "narHash": "sha256-FmuZThToBvRsqCauYJ3l8HJoGLAY5cMULeYEKIaGrRw=",
        "owner": "nix-community",
        "repo": "fenix",
        "rev": "8f219f6b36e8d0d56afa7f67e6e3df63ef013cdb",
        "type": "github"
      },
      "original": {
        "owner": "nix-community",
        "repo": "fenix",
        "type": "github"
      }
    },
    "flakeCompat": {
      "flake": false,
      "locked": {
        "lastModified": 1650374568,
        "narHash": "sha256-Z+s0J8/r907g149rllvwhb4pKi8Wam5ij0st8PwAh+E=",
        "owner": "edolstra",
        "repo": "flake-compat",
        "rev": "b4a34015c698c7793d592d66adbab377907a2be8",
        "type": "github"
      },
      "original": {
        "owner": "edolstra",
        "repo": "flake-compat",
        "type": "github"
      }
    },
    "markdown-it": {
      "flake": false,
      "locked": {
        "lastModified": 1710803430,
        "narHash": "sha256-RMkAON9QheNx5tMbkmrCcj5V1AJcyCwshE5btU4v8dI=",
        "owner": "markdown-it",
        "repo": "markdown-it",
        "rev": "0fe7ccb4b7f30236fb05f623be6924961d296d3d",
        "type": "github"
      },
      "original": {
        "owner": "markdown-it",
        "ref": "14.1.0",
        "repo": "markdown-it",
        "type": "github"
      }
    },
    "nixpkgs": {
      "locked": {
        "lastModified": 1726206720,
        "narHash": "sha256-tI7141IHDABMNgz4iXDo8agCp0SeTLbaIZ2DRndwcmk=",
        "owner": "NixOS",
        "repo": "nixpkgs",
        "rev": "673d99f1406cb09b8eb6feab4743ebdf70046557",
        "type": "github"
      },
      "original": {
        "owner": "NixOS",
        "ref": "nixpkgs-unstable",
        "repo": "nixpkgs",
        "type": "github"
      }
    },
    "root": {
      "inputs": {
        "alejandra": "alejandra",
        "eleventy": "eleventy",
        "eleventy-img": "eleventy-img",
        "eleventy-navigation": "eleventy-navigation",
        "eleventy-plugin-rss": "eleventy-plugin-rss",
        "eleventy-plugin-syntaxhighlight": "eleventy-plugin-syntaxhighlight",
        "markdown-it": "markdown-it",
        "nixpkgs": "nixpkgs"
      }
    },
    "rust-analyzer-src": {
      "flake": false,
      "locked": {
        "lastModified": 1668182250,
        "narHash": "sha256-PYGaOCiFvnJdVz+ZCaKF8geGdffXjJUNcMwaBHv0FT4=",
        "owner": "rust-lang",
        "repo": "rust-analyzer",
        "rev": "45ec315e01dc8dd1146dfeb65f0ef6e5c2efed78",
        "type": "github"
      },
      "original": {
        "owner": "rust-lang",
        "ref": "nightly",
        "repo": "rust-analyzer",
        "type": "github"
      }
    }
  },
  "root": "root",
  "version": 7
}
